
Microsoft Visual Studio Solution File, Format Version 12.00
# Visual Studio 15
VisualStudioVersion = 15.0.27004.2005
MinimumVisualStudioVersion = 10.0.40219.1
Project("{FAE04EC0-301F-11D3-BF4B-00C04F79EFBC}") = "cnBlogs.Mvc", "cnBlogs\cnBlogs.Mvc.csproj", "{D7EBAD94-261B-4FD9-8034-0D2F3B438219}"
EndProject
Project("{FAE04EC0-301F-11D3-BF4B-00C04F79EFBC}") = "cnBlogs.Tests", "cnBlogs.Tests\cnBlogs.Tests.csproj", "{B63F4FBD-0631-4362-9B17-336FB9556346}"
EndProject
Project("{FAE04EC0-301F-11D3-BF4B-00C04F79EFBC}") = "cnBlogs.Services", "cnBlogs.Services\cnBlogs.Services.csproj", "{CDB470FF-941B-43D7-97CF-95C273B3A963}"
EndProject
Project("{FAE04EC0-301F-11D3-BF4B-00C04F79EFBC}") = "Repositories", "Repositories\Repositories.csproj", "{C2ADD8D0-3AA6-45E0-8D7C-87D18496F5D2}"
EndProject
Global
	GlobalSection(SolutionConfigurationPlatforms) = preSolution
		Debug|Any CPU = Debug|Any CPU
		Release|Any CPU = Release|Any CPU
	EndGlobalSection
	GlobalSection(ProjectConfigurationPlatforms) = postSolution
		{D7EBAD94-261B-4FD9-8034-0D2F3B438219}.Debug|Any CPU.ActiveCfg = Debug|Any CPU
		{D7EBAD94-261B-4FD9-8034-0D2F3B438219}.Debug|Any CPU.Build.0 = Debug|Any CPU
		{D7EBAD94-261B-4FD9-8034-0D2F3B438219}.Release|Any CPU.ActiveCfg = Release|Any CPU
		{D7EBAD94-261B-4FD9-8034-0D2F3B438219}.Release|Any CPU.Build.0 = Release|Any CPU
		{B63F4FBD-0631-4362-9B17-336FB9556346}.Debug|Any CPU.ActiveCfg = Debug|Any CPU
		{B63F4FBD-0631-4362-9B17-336FB9556346}.Debug|Any CPU.Build.0 = Debug|Any CPU
		{B63F4FBD-0631-4362-9B17-336FB9556346}.Release|Any CPU.ActiveCfg = Release|Any CPU
		{B63F4FBD-0631-4362-9B17-336FB9556346}.Release|Any CPU.Build.0 = Release|Any CPU
		{CDB470FF-941B-43D7-97CF-95C273B3A963}.Debug|Any CPU.ActiveCfg = Debug|Any CPU
		{CDB470FF-941B-43D7-97CF-95C273B3A963}.Debug|Any CPU.Build.0 = Debug|Any CPU
		{CDB470FF-941B-43D7-97CF-95C273B3A963}.Release|Any CPU.ActiveCfg = Release|Any CPU
		{CDB470FF-941B-43D7-97CF-95C273B3A963}.Release|Any CPU.Build.0 = Release|Any CPU
		{C2ADD8D0-3AA6-45E0-8D7C-87D18496F5D2}.Debug|Any CPU.ActiveCfg = Debug|Any CPU
		{C2ADD8D0-3AA6-45E0-8D7C-87D18496F5D2}.Debug|Any CPU.Build.0 = Debug|Any CPU
		{C2ADD8D0-3AA6-45E0-8D7C-87D18496F5D2}.Release|Any CPU.ActiveCfg = Release|Any CPU
		{C2ADD8D0-3AA6-45E0-8D7C-87D18496F5D2}.Release|Any CPU.Build.0 = Release|Any CPU
	EndGlobalSection
	GlobalSection(SolutionProperties) = preSolution
		HideSolutionNode = FALSE
	EndGlobalSection
	GlobalSection(ExtensibilityGlobals) = postSolution
		SolutionGuid = {E5B39F3E-35DC-4216-8B91-D12EAF1111C8}
	EndGlobalSection
EndGlobal
